
Microsoft Visual Studio Solution File, Format Version 12.00
# Visual Studio Version 16
VisualStudioVersion = 16.0.29020.237
MinimumVisualStudioVersion = 10.0.40219.1
Project("{9A19103F-16F7-4668-BE54-9A1E7A4F7556}") = "Application.Web.Services", "Application.Web.Services\Application.Web.Services.csproj", "{EA3E3336-75C9-4573-8C00-ACE1D65BD017}"
EndProject
Project("{9A19103F-16F7-4668-BE54-9A1E7A4F7556}") = "Application.Business.ServicesFactories", "Application.Business.ServicesFactories\Application.Business.ServicesFactories.csproj", "{897C1783-569A-4FAB-8E20-9D48146E0D6E}"
EndProject
Project("{9A19103F-16F7-4668-BE54-9A1E7A4F7556}") = "Application.Common.Entities", "Application.Common.Entities\Application.Common.Entities.csproj", "{8BB19EDE-C2C1-4622-A857-02F2A19AC6DD}"
EndProject
Project("{9A19103F-16F7-4668-BE54-9A1E7A4F7556}") = "Application.Business.Services", "Application.Business.Services\Application.Business.Services.csproj", "{C10804F5-B494-4BC7-A37C-D68D101BB1E6}"
EndProject
Project("{9A19103F-16F7-4668-BE54-9A1E7A4F7556}") = "Application.Data.DAOs", "Application.Data.DAOs\Application.Data.DAOs.csproj", "{8BF9E02F-D97D-48F6-897D-F0ACA06C13ED}"
EndProject
Project("{9A19103F-16F7-4668-BE54-9A1E7A4F7556}") = "Application.Data.Services", "Application.Data.Services\Application.Data.Services.csproj", "{8FDD65D6-2F08-4859-99AB-3350D738CEA9}"
EndProject
Project("{9A19103F-16F7-4668-BE54-9A1E7A4F7556}") = "Application.Data.ServicesFactories", "Application.Data.ServicesFactories\Application.Data.ServicesFactories.csproj", "{8DE3D023-F285-405B-A5F5-62603775FD10}"
EndProject
Project("{9A19103F-16F7-4668-BE54-9A1E7A4F7556}") = "Application.Data.Transactions", "Application.Data.TransactionManager\Application.Data.Transactions.csproj", "{6667F323-4548-4632-9260-6718DFC8B160}"
EndProject
Global
	GlobalSection(SolutionConfigurationPlatforms) = preSolution
		Debug|Any CPU = Debug|Any CPU
		Release|Any CPU = Release|Any CPU
	EndGlobalSection
	GlobalSection(ProjectConfigurationPlatforms) = postSolution
		{EA3E3336-75C9-4573-8C00-ACE1D65BD017}.Debug|Any CPU.ActiveCfg = Debug|Any CPU
		{EA3E3336-75C9-4573-8C00-ACE1D65BD017}.Debug|Any CPU.Build.0 = Debug|Any CPU
		{EA3E3336-75C9-4573-8C00-ACE1D65BD017}.Release|Any CPU.ActiveCfg = Release|Any CPU
		{EA3E3336-75C9-4573-8C00-ACE1D65BD017}.Release|Any CPU.Build.0 = Release|Any CPU
		{897C1783-569A-4FAB-8E20-9D48146E0D6E}.Debug|Any CPU.ActiveCfg = Debug|Any CPU
		{897C1783-569A-4FAB-8E20-9D48146E0D6E}.Debug|Any CPU.Build.0 = Debug|Any CPU
		{897C1783-569A-4FAB-8E20-9D48146E0D6E}.Release|Any CPU.ActiveCfg = Release|Any CPU
		{897C1783-569A-4FAB-8E20-9D48146E0D6E}.Release|Any CPU.Build.0 = Release|Any CPU
		{8BB19EDE-C2C1-4622-A857-02F2A19AC6DD}.Debug|Any CPU.ActiveCfg = Debug|Any CPU
		{8BB19EDE-C2C1-4622-A857-02F2A19AC6DD}.Debug|Any CPU.Build.0 = Debug|Any CPU
		{8BB19EDE-C2C1-4622-A857-02F2A19AC6DD}.Release|Any CPU.ActiveCfg = Release|Any CPU
		{8BB19EDE-C2C1-4622-A857-02F2A19AC6DD}.Release|Any CPU.Build.0 = Release|Any CPU
		{C10804F5-B494-4BC7-A37C-D68D101BB1E6}.Debug|Any CPU.ActiveCfg = Debug|Any CPU
		{C10804F5-B494-4BC7-A37C-D68D101BB1E6}.Debug|Any CPU.Build.0 = Debug|Any CPU
		{C10804F5-B494-4BC7-A37C-D68D101BB1E6}.Release|Any CPU.ActiveCfg = Release|Any CPU
		{C10804F5-B494-4BC7-A37C-D68D101BB1E6}.Release|Any CPU.Build.0 = Release|Any CPU
		{8BF9E02F-D97D-48F6-897D-F0ACA06C13ED}.Debug|Any CPU.ActiveCfg = Debug|Any CPU
		{8BF9E02F-D97D-48F6-897D-F0ACA06C13ED}.Debug|Any CPU.Build.0 = Debug|Any CPU
		{8BF9E02F-D97D-48F6-897D-F0ACA06C13ED}.Release|Any CPU.ActiveCfg = Release|Any CPU
		{8BF9E02F-D97D-48F6-897D-F0ACA06C13ED}.Release|Any CPU.Build.0 = Release|Any CPU
		{8FDD65D6-2F08-4859-99AB-3350D738CEA9}.Debug|Any CPU.ActiveCfg = Debug|Any CPU
		{8FDD65D6-2F08-4859-99AB-3350D738CEA9}.Debug|Any CPU.Build.0 = Debug|Any CPU
		{8FDD65D6-2F08-4859-99AB-3350D738CEA9}.Release|Any CPU.ActiveCfg = Release|Any CPU
		{8FDD65D6-2F08-4859-99AB-3350D738CEA9}.Release|Any CPU.Build.0 = Release|Any CPU
		{8DE3D023-F285-405B-A5F5-62603775FD10}.Debug|Any CPU.ActiveCfg = Debug|Any CPU
		{8DE3D023-F285-405B-A5F5-62603775FD10}.Debug|Any CPU.Build.0 = Debug|Any CPU
		{8DE3D023-F285-405B-A5F5-62603775FD10}.Release|Any CPU.ActiveCfg = Release|Any CPU
		{8DE3D023-F285-405B-A5F5-62603775FD10}.Release|Any CPU.Build.0 = Release|Any CPU
		{6667F323-4548-4632-9260-6718DFC8B160}.Debug|Any CPU.ActiveCfg = Debug|Any CPU
		{6667F323-4548-4632-9260-6718DFC8B160}.Debug|Any CPU.Build.0 = Debug|Any CPU
		{6667F323-4548-4632-9260-6718DFC8B160}.Release|Any CPU.ActiveCfg = Release|Any CPU
		{6667F323-4548-4632-9260-6718DFC8B160}.Release|Any CPU.Build.0 = Release|Any CPU
	EndGlobalSection
	GlobalSection(SolutionProperties) = preSolution
		HideSolutionNode = FALSE
	EndGlobalSection
	GlobalSection(ExtensibilityGlobals) = postSolution
		SolutionGuid = {8AB04B32-D8A6-45BB-9490-2502F6FBD766}
	EndGlobalSection
EndGlobal
